
Microsoft Visual Studio Solution File, Format Version 12.00
# Visual Studio 14
VisualStudioVersion = 14.0.25420.1
MinimumVisualStudioVersion = 10.0.40219.1
Project("{FAE04EC0-301F-11D3-BF4B-00C04F79EFBC}") = "UI", "UI\UI.csproj", "{842F7855-65B1-4B37-BADB-3103D7BBEE78}"
EndProject
Project("{FAE04EC0-301F-11D3-BF4B-00C04F79EFBC}") = "Model", "Model\Model.csproj", "{3D2EF0DE-1076-4113-B708-B4DA11F9202A}"
EndProject
Project("{FAE04EC0-301F-11D3-BF4B-00C04F79EFBC}") = "FileManaging", "FileManaging\FileManaging.csproj", "{501BC63B-3F62-46D8-A55F-2B3A61718177}"
EndProject
Project("{FAE04EC0-301F-11D3-BF4B-00C04F79EFBC}") = "DataAccessInterfaces", "DataAccessInterfaces\DataAccessInterfaces.csproj", "{FC8CF42E-FFD8-4DEF-A966-92DEC62486E1}"
EndProject
Project("{2150E333-8FDC-42A3-9474-1A3956D46DE8}") = "Data", "Data", "{7AEDA70B-777F-48EA-97F1-714A0BE0A814}"
EndProject
Project("{2150E333-8FDC-42A3-9474-1A3956D46DE8}") = "DB", "DB", "{A03047AC-64E6-4EAD-A9A5-69B0FF71AF74}"
EndProject
Project("{FAE04EC0-301F-11D3-BF4B-00C04F79EFBC}") = "ProviderDao", "ProviderDao\ProviderDao.csproj", "{0B6AB657-E13D-4DBF-BB8E-0D23828A5AD3}"
EndProject
Project("{FAE04EC0-301F-11D3-BF4B-00C04F79EFBC}") = "DB.SqlFactory", "DB.SqlFactory\DB.SqlFactory.csproj", "{CCBB6050-A51C-4ABE-9709-2F335BE18FF6}"
EndProject
Project("{2150E333-8FDC-42A3-9474-1A3956D46DE8}") = "Test", "Test", "{8064225B-8AC7-44C9-9FBC-67EF61F02F8A}"
EndProject
Project("{2150E333-8FDC-42A3-9474-1A3956D46DE8}") = "Data", "Data", "{B50C2C10-946C-40E7-B9B5-75F592ADBA4B}"
EndProject
Project("{FAE04EC0-301F-11D3-BF4B-00C04F79EFBC}") = "Test.Data.FileManaging", "Test.Data.FileManaging\Test.Data.FileManaging.csproj", "{61ED5D97-A929-4CD0-B149-AFFB4E79AB38}"
EndProject
Project("{2150E333-8FDC-42A3-9474-1A3956D46DE8}") = "Db", "Db", "{7DEAFA51-3CD6-48B6-972F-19E1460E29F5}"
EndProject
Project("{FAE04EC0-301F-11D3-BF4B-00C04F79EFBC}") = "Test.DB.SqlFactoryTest", "Test.DB.SqlFactoryTest\Test.DB.SqlFactoryTest.csproj", "{F6C067DC-6961-4091-9F66-F79D5BE95428}"
EndProject
Project("{FAE04EC0-301F-11D3-BF4B-00C04F79EFBC}") = "Test.DB.ProviderDaoTest", "Test.DB.ProviderDaoTest\Test.DB.ProviderDaoTest.csproj", "{B9320C09-39CD-46D6-81BF-F6126D9EE442}"
EndProject
Project("{2150E333-8FDC-42A3-9474-1A3956D46DE8}") = "ProgramSculptor", "ProgramSculptor", "{58DCFA10-732B-4772-A295-2DA89A376792}"
EndProject
Project("{FAE04EC0-301F-11D3-BF4B-00C04F79EFBC}") = "ProgramSculptor.Core", "ProgramSculptor.Core\ProgramSculptor.Core.csproj", "{D7E79271-3664-454F-8D74-F6B347E46CEB}"
EndProject
Project("{FAE04EC0-301F-11D3-BF4B-00C04F79EFBC}") = "ProgramSculptor.Initialization", "ProgramSculptor.Initialization\ProgramSculptor.Initialization.csproj", "{CC17F8F4-FE1E-464B-8A66-D099207DBD33}"
EndProject
Project("{FAE04EC0-301F-11D3-BF4B-00C04F79EFBC}") = "ProgramSculptor.Time", "ProgramSculptor.Time\ProgramSculptor.Time.csproj", "{8984C88A-E686-4381-A05D-1456202EB1D6}"
EndProject
Project("{FAE04EC0-301F-11D3-BF4B-00C04F79EFBC}") = "ProgramSculptor.Model", "ProgramSculptor.Model\ProgramSculptor.Model.csproj", "{F0453B33-7D93-4B17-B8CD-941B5140A4C9}"
EndProject
Project("{2150E333-8FDC-42A3-9474-1A3956D46DE8}") = "ProgramSculptor", "ProgramSculptor", "{66AD1F38-04D9-45C0-99B1-7D15945DE990}"
EndProject
Project("{FAE04EC0-301F-11D3-BF4B-00C04F79EFBC}") = "Test.ProgramSculptor.Core", "Test.ProgramSculptor.Core\Test.ProgramSculptor.Core.csproj", "{3B11A391-03C4-4716-B0EE-9458328EFB1C}"
EndProject
Project("{FAE04EC0-301F-11D3-BF4B-00C04F79EFBC}") = "Test.ProgramSculptor.Initialization", "Test.ProgramSculptor.Initialization\Test.ProgramSculptor.Initialization.csproj", "{AAC93238-1DBC-4334-AE07-4C41C47FC9EE}"
EndProject
Project("{FAE04EC0-301F-11D3-BF4B-00C04F79EFBC}") = "ProgramSculptor.Running", "ProgramSculptor.Running\ProgramSculptor.Running.csproj", "{79B9242C-EAF9-49E1-932E-321219DBD15C}"
EndProject
Project("{FAE04EC0-301F-11D3-BF4B-00C04F79EFBC}") = "ViewModel", "ViewModel\ViewModel.csproj", "{E3F6B254-3683-4615-8827-90D4DB459AA1}"
EndProject
Project("{2150E333-8FDC-42A3-9474-1A3956D46DE8}") = "Services", "Services", "{A6E27EA4-9216-45D1-8F65-BC9F3A11EC68}"
EndProject
Project("{FAE04EC0-301F-11D3-BF4B-00C04F79EFBC}") = "Services.Dialog", "Services.Dialog\Services.Dialog.csproj", "{8054935C-5A2F-4EB3-81BC-1F2C59D11BD0}"
EndProject
Project("{FAE04EC0-301F-11D3-BF4B-00C04F79EFBC}") = "Services", "Services\Services.csproj", "{DEEEE2A4-D83A-4AAD-AB1C-E74A229C749C}"
EndProject
Project("{FAE04EC0-301F-11D3-BF4B-00C04F79EFBC}") = "Services.Message", "Services.Message\Services.Message.csproj", "{8F63997C-976D-436A-AABC-E49B583D7DE8}"
EndProject
Project("{FAE04EC0-301F-11D3-BF4B-00C04F79EFBC}") = "Test.ProgramSculptor.Running", "Test.ProgramSculptor.Running\Test.ProgramSculptor.Running.csproj", "{6BA4933A-6C6B-47C2-96D7-B9CFD2A0CB04}"
EndProject
Global
	GlobalSection(SolutionConfigurationPlatforms) = preSolution
		Debug|Any CPU = Debug|Any CPU
		Release|Any CPU = Release|Any CPU
	EndGlobalSection
	GlobalSection(ProjectConfigurationPlatforms) = postSolution
		{842F7855-65B1-4B37-BADB-3103D7BBEE78}.Debug|Any CPU.ActiveCfg = Debug|Any CPU
		{842F7855-65B1-4B37-BADB-3103D7BBEE78}.Debug|Any CPU.Build.0 = Debug|Any CPU
		{842F7855-65B1-4B37-BADB-3103D7BBEE78}.Release|Any CPU.ActiveCfg = Release|Any CPU
		{842F7855-65B1-4B37-BADB-3103D7BBEE78}.Release|Any CPU.Build.0 = Release|Any CPU
		{3D2EF0DE-1076-4113-B708-B4DA11F9202A}.Debug|Any CPU.ActiveCfg = Debug|Any CPU
		{3D2EF0DE-1076-4113-B708-B4DA11F9202A}.Debug|Any CPU.Build.0 = Debug|Any CPU
		{3D2EF0DE-1076-4113-B708-B4DA11F9202A}.Release|Any CPU.ActiveCfg = Release|Any CPU
		{3D2EF0DE-1076-4113-B708-B4DA11F9202A}.Release|Any CPU.Build.0 = Release|Any CPU
		{501BC63B-3F62-46D8-A55F-2B3A61718177}.Debug|Any CPU.ActiveCfg = Debug|Any CPU
		{501BC63B-3F62-46D8-A55F-2B3A61718177}.Debug|Any CPU.Build.0 = Debug|Any CPU
		{501BC63B-3F62-46D8-A55F-2B3A61718177}.Release|Any CPU.ActiveCfg = Release|Any CPU
		{501BC63B-3F62-46D8-A55F-2B3A61718177}.Release|Any CPU.Build.0 = Release|Any CPU
		{FC8CF42E-FFD8-4DEF-A966-92DEC62486E1}.Debug|Any CPU.ActiveCfg = Debug|Any CPU
		{FC8CF42E-FFD8-4DEF-A966-92DEC62486E1}.Debug|Any CPU.Build.0 = Debug|Any CPU
		{FC8CF42E-FFD8-4DEF-A966-92DEC62486E1}.Release|Any CPU.ActiveCfg = Release|Any CPU
		{FC8CF42E-FFD8-4DEF-A966-92DEC62486E1}.Release|Any CPU.Build.0 = Release|Any CPU
		{0B6AB657-E13D-4DBF-BB8E-0D23828A5AD3}.Debug|Any CPU.ActiveCfg = Debug|Any CPU
		{0B6AB657-E13D-4DBF-BB8E-0D23828A5AD3}.Debug|Any CPU.Build.0 = Debug|Any CPU
		{0B6AB657-E13D-4DBF-BB8E-0D23828A5AD3}.Release|Any CPU.ActiveCfg = Release|Any CPU
		{0B6AB657-E13D-4DBF-BB8E-0D23828A5AD3}.Release|Any CPU.Build.0 = Release|Any CPU
		{CCBB6050-A51C-4ABE-9709-2F335BE18FF6}.Debug|Any CPU.ActiveCfg = Debug|Any CPU
		{CCBB6050-A51C-4ABE-9709-2F335BE18FF6}.Debug|Any CPU.Build.0 = Debug|Any CPU
		{CCBB6050-A51C-4ABE-9709-2F335BE18FF6}.Release|Any CPU.ActiveCfg = Release|Any CPU
		{CCBB6050-A51C-4ABE-9709-2F335BE18FF6}.Release|Any CPU.Build.0 = Release|Any CPU
		{61ED5D97-A929-4CD0-B149-AFFB4E79AB38}.Debug|Any CPU.ActiveCfg = Debug|Any CPU
		{61ED5D97-A929-4CD0-B149-AFFB4E79AB38}.Debug|Any CPU.Build.0 = Debug|Any CPU
		{61ED5D97-A929-4CD0-B149-AFFB4E79AB38}.Release|Any CPU.ActiveCfg = Release|Any CPU
		{61ED5D97-A929-4CD0-B149-AFFB4E79AB38}.Release|Any CPU.Build.0 = Release|Any CPU
		{F6C067DC-6961-4091-9F66-F79D5BE95428}.Debug|Any CPU.ActiveCfg = Debug|Any CPU
		{F6C067DC-6961-4091-9F66-F79D5BE95428}.Debug|Any CPU.Build.0 = Debug|Any CPU
		{F6C067DC-6961-4091-9F66-F79D5BE95428}.Release|Any CPU.ActiveCfg = Release|Any CPU
		{F6C067DC-6961-4091-9F66-F79D5BE95428}.Release|Any CPU.Build.0 = Release|Any CPU
		{B9320C09-39CD-46D6-81BF-F6126D9EE442}.Debug|Any CPU.ActiveCfg = Debug|Any CPU
		{B9320C09-39CD-46D6-81BF-F6126D9EE442}.Debug|Any CPU.Build.0 = Debug|Any CPU
		{B9320C09-39CD-46D6-81BF-F6126D9EE442}.Release|Any CPU.ActiveCfg = Release|Any CPU
		{B9320C09-39CD-46D6-81BF-F6126D9EE442}.Release|Any CPU.Build.0 = Release|Any CPU
		{D7E79271-3664-454F-8D74-F6B347E46CEB}.Debug|Any CPU.ActiveCfg = Debug|Any CPU
		{D7E79271-3664-454F-8D74-F6B347E46CEB}.Debug|Any CPU.Build.0 = Debug|Any CPU
		{D7E79271-3664-454F-8D74-F6B347E46CEB}.Release|Any CPU.ActiveCfg = Release|Any CPU
		{D7E79271-3664-454F-8D74-F6B347E46CEB}.Release|Any CPU.Build.0 = Release|Any CPU
		{CC17F8F4-FE1E-464B-8A66-D099207DBD33}.Debug|Any CPU.ActiveCfg = Debug|Any CPU
		{CC17F8F4-FE1E-464B-8A66-D099207DBD33}.Debug|Any CPU.Build.0 = Debug|Any CPU
		{CC17F8F4-FE1E-464B-8A66-D099207DBD33}.Release|Any CPU.ActiveCfg = Release|Any CPU
		{CC17F8F4-FE1E-464B-8A66-D099207DBD33}.Release|Any CPU.Build.0 = Release|Any CPU
		{8984C88A-E686-4381-A05D-1456202EB1D6}.Debug|Any CPU.ActiveCfg = Debug|Any CPU
		{8984C88A-E686-4381-A05D-1456202EB1D6}.Debug|Any CPU.Build.0 = Debug|Any CPU
		{8984C88A-E686-4381-A05D-1456202EB1D6}.Release|Any CPU.ActiveCfg = Release|Any CPU
		{8984C88A-E686-4381-A05D-1456202EB1D6}.Release|Any CPU.Build.0 = Release|Any CPU
		{F0453B33-7D93-4B17-B8CD-941B5140A4C9}.Debug|Any CPU.ActiveCfg = Debug|Any CPU
		{F0453B33-7D93-4B17-B8CD-941B5140A4C9}.Debug|Any CPU.Build.0 = Debug|Any CPU
		{F0453B33-7D93-4B17-B8CD-941B5140A4C9}.Release|Any CPU.ActiveCfg = Release|Any CPU
		{F0453B33-7D93-4B17-B8CD-941B5140A4C9}.Release|Any CPU.Build.0 = Release|Any CPU
		{3B11A391-03C4-4716-B0EE-9458328EFB1C}.Debug|Any CPU.ActiveCfg = Debug|Any CPU
		{3B11A391-03C4-4716-B0EE-9458328EFB1C}.Debug|Any CPU.Build.0 = Debug|Any CPU
		{3B11A391-03C4-4716-B0EE-9458328EFB1C}.Release|Any CPU.ActiveCfg = Release|Any CPU
		{3B11A391-03C4-4716-B0EE-9458328EFB1C}.Release|Any CPU.Build.0 = Release|Any CPU
		{AAC93238-1DBC-4334-AE07-4C41C47FC9EE}.Debug|Any CPU.ActiveCfg = Debug|Any CPU
		{AAC93238-1DBC-4334-AE07-4C41C47FC9EE}.Debug|Any CPU.Build.0 = Debug|Any CPU
		{AAC93238-1DBC-4334-AE07-4C41C47FC9EE}.Release|Any CPU.ActiveCfg = Release|Any CPU
		{AAC93238-1DBC-4334-AE07-4C41C47FC9EE}.Release|Any CPU.Build.0 = Release|Any CPU
		{79B9242C-EAF9-49E1-932E-321219DBD15C}.Debug|Any CPU.ActiveCfg = Debug|Any CPU
		{79B9242C-EAF9-49E1-932E-321219DBD15C}.Debug|Any CPU.Build.0 = Debug|Any CPU
		{79B9242C-EAF9-49E1-932E-321219DBD15C}.Release|Any CPU.ActiveCfg = Release|Any CPU
		{79B9242C-EAF9-49E1-932E-321219DBD15C}.Release|Any CPU.Build.0 = Release|Any CPU
		{E3F6B254-3683-4615-8827-90D4DB459AA1}.Debug|Any CPU.ActiveCfg = Debug|Any CPU
		{E3F6B254-3683-4615-8827-90D4DB459AA1}.Debug|Any CPU.Build.0 = Debug|Any CPU
		{E3F6B254-3683-4615-8827-90D4DB459AA1}.Release|Any CPU.ActiveCfg = Release|Any CPU
		{E3F6B254-3683-4615-8827-90D4DB459AA1}.Release|Any CPU.Build.0 = Release|Any CPU
		{8054935C-5A2F-4EB3-81BC-1F2C59D11BD0}.Debug|Any CPU.ActiveCfg = Debug|Any CPU
		{8054935C-5A2F-4EB3-81BC-1F2C59D11BD0}.Debug|Any CPU.Build.0 = Debug|Any CPU
		{8054935C-5A2F-4EB3-81BC-1F2C59D11BD0}.Release|Any CPU.ActiveCfg = Release|Any CPU
		{8054935C-5A2F-4EB3-81BC-1F2C59D11BD0}.Release|Any CPU.Build.0 = Release|Any CPU
		{DEEEE2A4-D83A-4AAD-AB1C-E74A229C749C}.Debug|Any CPU.ActiveCfg = Debug|Any CPU
		{DEEEE2A4-D83A-4AAD-AB1C-E74A229C749C}.Debug|Any CPU.Build.0 = Debug|Any CPU
		{DEEEE2A4-D83A-4AAD-AB1C-E74A229C749C}.Release|Any CPU.ActiveCfg = Release|Any CPU
		{DEEEE2A4-D83A-4AAD-AB1C-E74A229C749C}.Release|Any CPU.Build.0 = Release|Any CPU
		{8F63997C-976D-436A-AABC-E49B583D7DE8}.Debug|Any CPU.ActiveCfg = Debug|Any CPU
		{8F63997C-976D-436A-AABC-E49B583D7DE8}.Debug|Any CPU.Build.0 = Debug|Any CPU
		{8F63997C-976D-436A-AABC-E49B583D7DE8}.Release|Any CPU.ActiveCfg = Release|Any CPU
		{8F63997C-976D-436A-AABC-E49B583D7DE8}.Release|Any CPU.Build.0 = Release|Any CPU
		{6BA4933A-6C6B-47C2-96D7-B9CFD2A0CB04}.Debug|Any CPU.ActiveCfg = Debug|Any CPU
		{6BA4933A-6C6B-47C2-96D7-B9CFD2A0CB04}.Debug|Any CPU.Build.0 = Debug|Any CPU
		{6BA4933A-6C6B-47C2-96D7-B9CFD2A0CB04}.Release|Any CPU.ActiveCfg = Release|Any CPU
		{6BA4933A-6C6B-47C2-96D7-B9CFD2A0CB04}.Release|Any CPU.Build.0 = Release|Any CPU
	EndGlobalSection
	GlobalSection(SolutionProperties) = preSolution
		HideSolutionNode = FALSE
	EndGlobalSection
	GlobalSection(NestedProjects) = preSolution
		{3D2EF0DE-1076-4113-B708-B4DA11F9202A} = {7AEDA70B-777F-48EA-97F1-714A0BE0A814}
		{501BC63B-3F62-46D8-A55F-2B3A61718177} = {7AEDA70B-777F-48EA-97F1-714A0BE0A814}
		{FC8CF42E-FFD8-4DEF-A966-92DEC62486E1} = {7AEDA70B-777F-48EA-97F1-714A0BE0A814}
		{0B6AB657-E13D-4DBF-BB8E-0D23828A5AD3} = {A03047AC-64E6-4EAD-A9A5-69B0FF71AF74}
		{CCBB6050-A51C-4ABE-9709-2F335BE18FF6} = {A03047AC-64E6-4EAD-A9A5-69B0FF71AF74}
		{B50C2C10-946C-40E7-B9B5-75F592ADBA4B} = {8064225B-8AC7-44C9-9FBC-67EF61F02F8A}
		{61ED5D97-A929-4CD0-B149-AFFB4E79AB38} = {B50C2C10-946C-40E7-B9B5-75F592ADBA4B}
		{7DEAFA51-3CD6-48B6-972F-19E1460E29F5} = {8064225B-8AC7-44C9-9FBC-67EF61F02F8A}
		{F6C067DC-6961-4091-9F66-F79D5BE95428} = {7DEAFA51-3CD6-48B6-972F-19E1460E29F5}
		{B9320C09-39CD-46D6-81BF-F6126D9EE442} = {7DEAFA51-3CD6-48B6-972F-19E1460E29F5}
		{D7E79271-3664-454F-8D74-F6B347E46CEB} = {58DCFA10-732B-4772-A295-2DA89A376792}
		{CC17F8F4-FE1E-464B-8A66-D099207DBD33} = {58DCFA10-732B-4772-A295-2DA89A376792}
		{8984C88A-E686-4381-A05D-1456202EB1D6} = {58DCFA10-732B-4772-A295-2DA89A376792}
		{F0453B33-7D93-4B17-B8CD-941B5140A4C9} = {58DCFA10-732B-4772-A295-2DA89A376792}
		{66AD1F38-04D9-45C0-99B1-7D15945DE990} = {8064225B-8AC7-44C9-9FBC-67EF61F02F8A}
		{3B11A391-03C4-4716-B0EE-9458328EFB1C} = {66AD1F38-04D9-45C0-99B1-7D15945DE990}
		{AAC93238-1DBC-4334-AE07-4C41C47FC9EE} = {66AD1F38-04D9-45C0-99B1-7D15945DE990}
		{79B9242C-EAF9-49E1-932E-321219DBD15C} = {58DCFA10-732B-4772-A295-2DA89A376792}
		{8054935C-5A2F-4EB3-81BC-1F2C59D11BD0} = {A6E27EA4-9216-45D1-8F65-BC9F3A11EC68}
		{DEEEE2A4-D83A-4AAD-AB1C-E74A229C749C} = {A6E27EA4-9216-45D1-8F65-BC9F3A11EC68}
		{8F63997C-976D-436A-AABC-E49B583D7DE8} = {A6E27EA4-9216-45D1-8F65-BC9F3A11EC68}
		{6BA4933A-6C6B-47C2-96D7-B9CFD2A0CB04} = {66AD1F38-04D9-45C0-99B1-7D15945DE990}
	EndGlobalSection
EndGlobal
