
Microsoft Visual Studio Solution File, Format Version 12.00
# Visual Studio 14
VisualStudioVersion = 14.0.25420.1
MinimumVisualStudioVersion = 10.0.40219.1
Project("{FAE04EC0-301F-11D3-BF4B-00C04F79EFBC}") = "UI", "UI\UI.csproj", "{842F7855-65B1-4B37-BADB-3103D7BBEE78}"
EndProject
Project("{FAE04EC0-301F-11D3-BF4B-00C04F79EFBC}") = "Model", "Model\Model.csproj", "{3D2EF0DE-1076-4113-B708-B4DA11F9202A}"
EndProject
Project("{FAE04EC0-301F-11D3-BF4B-00C04F79EFBC}") = "FileManaging", "FileManaging\FileManaging.csproj", "{501BC63B-3F62-46D8-A55F-2B3A61718177}"
EndProject
Global
	GlobalSection(SolutionConfigurationPlatforms) = preSolution
		Debug|Any CPU = Debug|Any CPU
		Release|Any CPU = Release|Any CPU
	EndGlobalSection
	GlobalSection(ProjectConfigurationPlatforms) = postSolution
		{842F7855-65B1-4B37-BADB-3103D7BBEE78}.Debug|Any CPU.ActiveCfg = Debug|Any CPU
		{842F7855-65B1-4B37-BADB-3103D7BBEE78}.Debug|Any CPU.Build.0 = Debug|Any CPU
		{842F7855-65B1-4B37-BADB-3103D7BBEE78}.Release|Any CPU.ActiveCfg = Release|Any CPU
		{842F7855-65B1-4B37-BADB-3103D7BBEE78}.Release|Any CPU.Build.0 = Release|Any CPU
		{3D2EF0DE-1076-4113-B708-B4DA11F9202A}.Debug|Any CPU.ActiveCfg = Debug|Any CPU
		{3D2EF0DE-1076-4113-B708-B4DA11F9202A}.Debug|Any CPU.Build.0 = Debug|Any CPU
		{3D2EF0DE-1076-4113-B708-B4DA11F9202A}.Release|Any CPU.ActiveCfg = Release|Any CPU
		{3D2EF0DE-1076-4113-B708-B4DA11F9202A}.Release|Any CPU.Build.0 = Release|Any CPU
		{501BC63B-3F62-46D8-A55F-2B3A61718177}.Debug|Any CPU.ActiveCfg = Debug|Any CPU
		{501BC63B-3F62-46D8-A55F-2B3A61718177}.Debug|Any CPU.Build.0 = Debug|Any CPU
		{501BC63B-3F62-46D8-A55F-2B3A61718177}.Release|Any CPU.ActiveCfg = Release|Any CPU
		{501BC63B-3F62-46D8-A55F-2B3A61718177}.Release|Any CPU.Build.0 = Release|Any CPU
	EndGlobalSection
	GlobalSection(SolutionProperties) = preSolution
		HideSolutionNode = FALSE
	EndGlobalSection
EndGlobal
